// !$*UTF8*$!
{
	archiveVersion = 1;
	classes = {
	};
	objectVersion = 46;
	objects = {

/* Begin PBXBuildFile section */
		15286A0A1121CCF5ABA33EA0 /* Pods_SkiyUITests.framework in Frameworks */ = {isa = PBXBuildFile; fileRef = 754723E90102C998739EC71D /* Pods_SkiyUITests.framework */; };
		3E1127D41D7495C6005A26FE /* Track Italic.otf in Resources */ = {isa = PBXBuildFile; fileRef = 3E1127D21D7495C6005A26FE /* Track Italic.otf */; };
		3E1127D51D7495C6005A26FE /* Track.otf in Resources */ = {isa = PBXBuildFile; fileRef = 3E1127D31D7495C6005A26FE /* Track.otf */; };
		3E1127D81D749AA4005A26FE /* Quicksand_Bold.otf in Resources */ = {isa = PBXBuildFile; fileRef = 3E1127D61D749AA4005A26FE /* Quicksand_Bold.otf */; };
		3E1127DC1D74C336005A26FE /* Hero Light.otf in Resources */ = {isa = PBXBuildFile; fileRef = 3E1127DA1D74C336005A26FE /* Hero Light.otf */; };
		3E1127DD1D74C336005A26FE /* Hero.otf in Resources */ = {isa = PBXBuildFile; fileRef = 3E1127DB1D74C336005A26FE /* Hero.otf */; };
		3E1127DF1D75E59D005A26FE /* CustomTextField.swift in Sources */ = {isa = PBXBuildFile; fileRef = 3E1127DE1D75E59D005A26FE /* CustomTextField.swift */; };
		3E1127E11D7680EC005A26FE /* SignUpView.xib in Resources */ = {isa = PBXBuildFile; fileRef = 3E1127E01D7680EC005A26FE /* SignUpView.xib */; };
		3E37EDE41CB95DFC002167CB /* AppDelegate.swift in Sources */ = {isa = PBXBuildFile; fileRef = 3E37EDE31CB95DFC002167CB /* AppDelegate.swift */; };
		3E37EDE61CB95DFC002167CB /* ViewController.swift in Sources */ = {isa = PBXBuildFile; fileRef = 3E37EDE51CB95DFC002167CB /* ViewController.swift */; };
		3E37EDEB1CB95DFC002167CB /* Assets.xcassets in Resources */ = {isa = PBXBuildFile; fileRef = 3E37EDEA1CB95DFC002167CB /* Assets.xcassets */; };
		3E37EDEE1CB95DFC002167CB /* LaunchScreen.storyboard in Resources */ = {isa = PBXBuildFile; fileRef = 3E37EDEC1CB95DFC002167CB /* LaunchScreen.storyboard */; };
		3E37EDF91CB95DFC002167CB /* SkiyTests.swift in Sources */ = {isa = PBXBuildFile; fileRef = 3E37EDF81CB95DFC002167CB /* SkiyTests.swift */; };
		3E37EE041CB95DFC002167CB /* SkiyUITests.swift in Sources */ = {isa = PBXBuildFile; fileRef = 3E37EE031CB95DFC002167CB /* SkiyUITests.swift */; };
		3E37EE121CC283B7002167CB /* MapKit.framework in Frameworks */ = {isa = PBXBuildFile; fileRef = 3E37EE111CC283B7002167CB /* MapKit.framework */; };
		3E45FEE91CF0CF7700B9A8D4 /* ContainerViewController.swift in Sources */ = {isa = PBXBuildFile; fileRef = 3E45FEE81CF0CF7700B9A8D4 /* ContainerViewController.swift */; };
		3E45FEEB1CF0D40400B9A8D4 /* ControlPanelViewController.swift in Sources */ = {isa = PBXBuildFile; fileRef = 3E45FEEA1CF0D40400B9A8D4 /* ControlPanelViewController.swift */; };
		3E45FEEF1CF261E900B9A8D4 /* UIImage+ImageEffects.m in Sources */ = {isa = PBXBuildFile; fileRef = 3E45FEEE1CF261E900B9A8D4 /* UIImage+ImageEffects.m */; };
		3E45FEF11CF34CEF00B9A8D4 /* ControlPanel.xib in Resources */ = {isa = PBXBuildFile; fileRef = 3E45FEF01CF34CEF00B9A8D4 /* ControlPanel.xib */; };
		3E56DF5D1DCCFB2D00642A30 /* ControlPanelFriendCell.xib in Resources */ = {isa = PBXBuildFile; fileRef = 3E56DF5C1DCCFB2D00642A30 /* ControlPanelFriendCell.xib */; };
		3E56DF5F1DCCFB4800642A30 /* ControlPanelFriendCell.swift in Sources */ = {isa = PBXBuildFile; fileRef = 3E56DF5E1DCCFB4800642A30 /* ControlPanelFriendCell.swift */; };
		3E97F8261D2F318D0053B25D /* ControlPanelCell.swift in Sources */ = {isa = PBXBuildFile; fileRef = 3E97F8251D2F318D0053B25D /* ControlPanelCell.swift */; };
		3E97F8661D3032120053B25D /* SignInView.xib in Resources */ = {isa = PBXBuildFile; fileRef = 3E97F8651D3032120053B25D /* SignInView.xib */; };
		3E97F86E1D35B9400053B25D /* HTTPHelper.swift in Sources */ = {isa = PBXBuildFile; fileRef = 3E97F86D1D35B9400053B25D /* HTTPHelper.swift */; };
		3E97F8701D35BC4D0053B25D /* KeychainAccess.swift in Sources */ = {isa = PBXBuildFile; fileRef = 3E97F86F1D35BC4D0053B25D /* KeychainAccess.swift */; };
		3E9D73611D3AF12100E2763C /* AESCrypt.m in Sources */ = {isa = PBXBuildFile; fileRef = 3E9D735A1D3AF12100E2763C /* AESCrypt.m */; };
		3E9D73621D3AF12100E2763C /* NSData+Base64.m in Sources */ = {isa = PBXBuildFile; fileRef = 3E9D735C1D3AF12100E2763C /* NSData+Base64.m */; };
		3E9D73631D3AF12100E2763C /* NSData+CommonCrypto.m in Sources */ = {isa = PBXBuildFile; fileRef = 3E9D735E1D3AF12100E2763C /* NSData+CommonCrypto.m */; };
		3E9D73641D3AF12100E2763C /* NSString+Base64.m in Sources */ = {isa = PBXBuildFile; fileRef = 3E9D73601D3AF12100E2763C /* NSString+Base64.m */; };
		3EAB45C01DAAA12A00B289FE /* CustomFloatingActionSheetController.swift in Sources */ = {isa = PBXBuildFile; fileRef = 3EAB45BF1DAAA12A00B289FE /* CustomFloatingActionSheetController.swift */; };
		3EB56F491D89EDAA00BB9C4E /* Notifications.xib in Resources */ = {isa = PBXBuildFile; fileRef = 3EB56F481D89EDAA00BB9C4E /* Notifications.xib */; };
		3EB56F4B1D89EDC200BB9C4E /* NotificationsViewController.swift in Sources */ = {isa = PBXBuildFile; fileRef = 3EB56F4A1D89EDC200BB9C4E /* NotificationsViewController.swift */; };
		3EB56F4D1D89F0A100BB9C4E /* NotificationCell.xib in Resources */ = {isa = PBXBuildFile; fileRef = 3EB56F4C1D89F0A100BB9C4E /* NotificationCell.xib */; };
		3EB56F4F1D89F0AE00BB9C4E /* NotificationCell.swift in Sources */ = {isa = PBXBuildFile; fileRef = 3EB56F4E1D89F0AE00BB9C4E /* NotificationCell.swift */; };
		3EBFE4751D5271C900C05C5D /* Main.storyboard in Resources */ = {isa = PBXBuildFile; fileRef = 3EBFE4741D5271C900C05C5D /* Main.storyboard */; };
		3EBFE47E1D5D1ABA00C05C5D /* AddFriendViewController.swift in Sources */ = {isa = PBXBuildFile; fileRef = 3EBFE47C1D5D1ABA00C05C5D /* AddFriendViewController.swift */; };
		3EBFE47F1D5D1ABA00C05C5D /* AddFriend.xib in Resources */ = {isa = PBXBuildFile; fileRef = 3EBFE47D1D5D1ABA00C05C5D /* AddFriend.xib */; };
		3EFEE0E31D60FAE6005DF703 /* FindFriendsCell.xib in Resources */ = {isa = PBXBuildFile; fileRef = 3EFEE0E21D60FAE6005DF703 /* FindFriendsCell.xib */; };
		3EFEE0E51D612057005DF703 /* FindFriendsCell.swift in Sources */ = {isa = PBXBuildFile; fileRef = 3EFEE0E41D612057005DF703 /* FindFriendsCell.swift */; };
		3EFEE0E71D622176005DF703 /* SignInViewController.swift in Sources */ = {isa = PBXBuildFile; fileRef = 3EFEE0E61D622176005DF703 /* SignInViewController.swift */; };
		3EFEE0E91D622187005DF703 /* ControlPanelCell.xib in Resources */ = {isa = PBXBuildFile; fileRef = 3EFEE0E81D622187005DF703 /* ControlPanelCell.xib */; };
		3EFEE0EB1D624C7C005DF703 /* Colors.swift in Sources */ = {isa = PBXBuildFile; fileRef = 3EFEE0EA1D624C7C005DF703 /* Colors.swift */; };
		3EFEE0EE1D62C5C9005DF703 /* SkiyData.xcdatamodeld in Sources */ = {isa = PBXBuildFile; fileRef = 3EFEE0EC1D62C5C9005DF703 /* SkiyData.xcdatamodeld */; };
		9592B6665C41AB03723D9D8F /* Pods_SkiyTests.framework in Frameworks */ = {isa = PBXBuildFile; fileRef = 0F2EB7B29591FD742C4A7D98 /* Pods_SkiyTests.framework */; };
		9ECDCD2E5ABAB110B816FD27 /* Pods_Skiy.framework in Frameworks */ = {isa = PBXBuildFile; fileRef = 85F3B6F8E06226B06CDBAAA6 /* Pods_Skiy.framework */; };
/* End PBXBuildFile section */

/* Begin PBXContainerItemProxy section */
		3E37EDF51CB95DFC002167CB /* PBXContainerItemProxy */ = {
			isa = PBXContainerItemProxy;
			containerPortal = 3E37EDD81CB95DFC002167CB /* Project object */;
			proxyType = 1;
			remoteGlobalIDString = 3E37EDDF1CB95DFC002167CB;
			remoteInfo = Skiy;
		};
		3E37EE001CB95DFC002167CB /* PBXContainerItemProxy */ = {
			isa = PBXContainerItemProxy;
			containerPortal = 3E37EDD81CB95DFC002167CB /* Project object */;
			proxyType = 1;
			remoteGlobalIDString = 3E37EDDF1CB95DFC002167CB;
			remoteInfo = Skiy;
		};
/* End PBXContainerItemProxy section */

/* Begin PBXFileReference section */
		041F5BF8447F7813649AE8ED /* Pods-SkiyUITests.release.xcconfig */ = {isa = PBXFileReference; includeInIndex = 1; lastKnownFileType = text.xcconfig; name = "Pods-SkiyUITests.release.xcconfig"; path = "Pods/Target Support Files/Pods-SkiyUITests/Pods-SkiyUITests.release.xcconfig"; sourceTree = "<group>"; };
		0F2EB7B29591FD742C4A7D98 /* Pods_SkiyTests.framework */ = {isa = PBXFileReference; explicitFileType = wrapper.framework; includeInIndex = 0; path = Pods_SkiyTests.framework; sourceTree = BUILT_PRODUCTS_DIR; };
		1C3860165F0F3F60E33CD753 /* Pods-Skiy.release.xcconfig */ = {isa = PBXFileReference; includeInIndex = 1; lastKnownFileType = text.xcconfig; name = "Pods-Skiy.release.xcconfig"; path = "Pods/Target Support Files/Pods-Skiy/Pods-Skiy.release.xcconfig"; sourceTree = "<group>"; };
		3E1127D21D7495C6005A26FE /* Track Italic.otf */ = {isa = PBXFileReference; lastKnownFileType = file; path = "Track Italic.otf"; sourceTree = "<group>"; };
		3E1127D31D7495C6005A26FE /* Track.otf */ = {isa = PBXFileReference; lastKnownFileType = file; path = Track.otf; sourceTree = "<group>"; };
		3E1127D61D749AA4005A26FE /* Quicksand_Bold.otf */ = {isa = PBXFileReference; lastKnownFileType = file; path = Quicksand_Bold.otf; sourceTree = "<group>"; };
		3E1127DA1D74C336005A26FE /* Hero Light.otf */ = {isa = PBXFileReference; lastKnownFileType = file; path = "Hero Light.otf"; sourceTree = "<group>"; };
		3E1127DB1D74C336005A26FE /* Hero.otf */ = {isa = PBXFileReference; lastKnownFileType = file; path = Hero.otf; sourceTree = "<group>"; };
		3E1127DE1D75E59D005A26FE /* CustomTextField.swift */ = {isa = PBXFileReference; fileEncoding = 4; lastKnownFileType = sourcecode.swift; path = CustomTextField.swift; sourceTree = "<group>"; };
		3E1127E01D7680EC005A26FE /* SignUpView.xib */ = {isa = PBXFileReference; fileEncoding = 4; lastKnownFileType = file.xib; path = SignUpView.xib; sourceTree = "<group>"; };
		3E37EDE01CB95DFC002167CB /* Skiy.app */ = {isa = PBXFileReference; explicitFileType = wrapper.application; includeInIndex = 0; path = Skiy.app; sourceTree = BUILT_PRODUCTS_DIR; };
		3E37EDE31CB95DFC002167CB /* AppDelegate.swift */ = {isa = PBXFileReference; lastKnownFileType = sourcecode.swift; path = AppDelegate.swift; sourceTree = "<group>"; };
		3E37EDE51CB95DFC002167CB /* ViewController.swift */ = {isa = PBXFileReference; lastKnownFileType = sourcecode.swift; path = ViewController.swift; sourceTree = "<group>"; };
		3E37EDEA1CB95DFC002167CB /* Assets.xcassets */ = {isa = PBXFileReference; lastKnownFileType = folder.assetcatalog; path = Assets.xcassets; sourceTree = "<group>"; };
		3E37EDED1CB95DFC002167CB /* Base */ = {isa = PBXFileReference; lastKnownFileType = file.storyboard; name = Base; path = Base.lproj/LaunchScreen.storyboard; sourceTree = "<group>"; };
		3E37EDEF1CB95DFC002167CB /* Info.plist */ = {isa = PBXFileReference; lastKnownFileType = text.plist.xml; path = Info.plist; sourceTree = "<group>"; };
		3E37EDF41CB95DFC002167CB /* SkiyTests.xctest */ = {isa = PBXFileReference; explicitFileType = wrapper.cfbundle; includeInIndex = 0; path = SkiyTests.xctest; sourceTree = BUILT_PRODUCTS_DIR; };
		3E37EDF81CB95DFC002167CB /* SkiyTests.swift */ = {isa = PBXFileReference; lastKnownFileType = sourcecode.swift; path = SkiyTests.swift; sourceTree = "<group>"; };
		3E37EDFA1CB95DFC002167CB /* Info.plist */ = {isa = PBXFileReference; lastKnownFileType = text.plist.xml; path = Info.plist; sourceTree = "<group>"; };
		3E37EDFF1CB95DFC002167CB /* SkiyUITests.xctest */ = {isa = PBXFileReference; explicitFileType = wrapper.cfbundle; includeInIndex = 0; path = SkiyUITests.xctest; sourceTree = BUILT_PRODUCTS_DIR; };
		3E37EE031CB95DFC002167CB /* SkiyUITests.swift */ = {isa = PBXFileReference; lastKnownFileType = sourcecode.swift; path = SkiyUITests.swift; sourceTree = "<group>"; };
		3E37EE051CB95DFC002167CB /* Info.plist */ = {isa = PBXFileReference; lastKnownFileType = text.plist.xml; path = Info.plist; sourceTree = "<group>"; };
		3E37EE111CC283B7002167CB /* MapKit.framework */ = {isa = PBXFileReference; lastKnownFileType = wrapper.framework; name = MapKit.framework; path = System/Library/Frameworks/MapKit.framework; sourceTree = SDKROOT; };
		3E45FEE81CF0CF7700B9A8D4 /* ContainerViewController.swift */ = {isa = PBXFileReference; fileEncoding = 4; lastKnownFileType = sourcecode.swift; path = ContainerViewController.swift; sourceTree = "<group>"; };
		3E45FEEA1CF0D40400B9A8D4 /* ControlPanelViewController.swift */ = {isa = PBXFileReference; fileEncoding = 4; lastKnownFileType = sourcecode.swift; path = ControlPanelViewController.swift; sourceTree = "<group>"; };
		3E45FEEC1CF261E900B9A8D4 /* Skiy-Bridging-Header.h */ = {isa = PBXFileReference; lastKnownFileType = sourcecode.c.h; path = "Skiy-Bridging-Header.h"; sourceTree = "<group>"; };
		3E45FEED1CF261E900B9A8D4 /* UIImage+ImageEffects.h */ = {isa = PBXFileReference; fileEncoding = 4; lastKnownFileType = sourcecode.c.h; path = "UIImage+ImageEffects.h"; sourceTree = "<group>"; };
		3E45FEEE1CF261E900B9A8D4 /* UIImage+ImageEffects.m */ = {isa = PBXFileReference; fileEncoding = 4; lastKnownFileType = sourcecode.c.objc; path = "UIImage+ImageEffects.m"; sourceTree = "<group>"; };
		3E45FEF01CF34CEF00B9A8D4 /* ControlPanel.xib */ = {isa = PBXFileReference; fileEncoding = 4; lastKnownFileType = file.xib; path = ControlPanel.xib; sourceTree = "<group>"; };
		3E56DF5C1DCCFB2D00642A30 /* ControlPanelFriendCell.xib */ = {isa = PBXFileReference; fileEncoding = 4; lastKnownFileType = file.xib; path = ControlPanelFriendCell.xib; sourceTree = "<group>"; };
		3E56DF5E1DCCFB4800642A30 /* ControlPanelFriendCell.swift */ = {isa = PBXFileReference; fileEncoding = 4; lastKnownFileType = sourcecode.swift; path = ControlPanelFriendCell.swift; sourceTree = "<group>"; };
		3E97F8251D2F318D0053B25D /* ControlPanelCell.swift */ = {isa = PBXFileReference; fileEncoding = 4; lastKnownFileType = sourcecode.swift; path = ControlPanelCell.swift; sourceTree = "<group>"; };
		3E97F8651D3032120053B25D /* SignInView.xib */ = {isa = PBXFileReference; fileEncoding = 4; lastKnownFileType = file.xib; path = SignInView.xib; sourceTree = "<group>"; };
		3E97F86D1D35B9400053B25D /* HTTPHelper.swift */ = {isa = PBXFileReference; fileEncoding = 4; lastKnownFileType = sourcecode.swift; path = HTTPHelper.swift; sourceTree = "<group>"; };
		3E97F86F1D35BC4D0053B25D /* KeychainAccess.swift */ = {isa = PBXFileReference; fileEncoding = 4; lastKnownFileType = sourcecode.swift; path = KeychainAccess.swift; sourceTree = "<group>"; };
		3E9D73591D3AF12100E2763C /* AESCrypt.h */ = {isa = PBXFileReference; fileEncoding = 4; lastKnownFileType = sourcecode.c.h; path = AESCrypt.h; sourceTree = "<group>"; };
		3E9D735A1D3AF12100E2763C /* AESCrypt.m */ = {isa = PBXFileReference; fileEncoding = 4; lastKnownFileType = sourcecode.c.objc; path = AESCrypt.m; sourceTree = "<group>"; };
		3E9D735B1D3AF12100E2763C /* NSData+Base64.h */ = {isa = PBXFileReference; fileEncoding = 4; lastKnownFileType = sourcecode.c.h; path = "NSData+Base64.h"; sourceTree = "<group>"; };
		3E9D735C1D3AF12100E2763C /* NSData+Base64.m */ = {isa = PBXFileReference; fileEncoding = 4; lastKnownFileType = sourcecode.c.objc; path = "NSData+Base64.m"; sourceTree = "<group>"; };
		3E9D735D1D3AF12100E2763C /* NSData+CommonCrypto.h */ = {isa = PBXFileReference; fileEncoding = 4; lastKnownFileType = sourcecode.c.h; path = "NSData+CommonCrypto.h"; sourceTree = "<group>"; };
		3E9D735E1D3AF12100E2763C /* NSData+CommonCrypto.m */ = {isa = PBXFileReference; fileEncoding = 4; lastKnownFileType = sourcecode.c.objc; path = "NSData+CommonCrypto.m"; sourceTree = "<group>"; };
		3E9D735F1D3AF12100E2763C /* NSString+Base64.h */ = {isa = PBXFileReference; fileEncoding = 4; lastKnownFileType = sourcecode.c.h; path = "NSString+Base64.h"; sourceTree = "<group>"; };
		3E9D73601D3AF12100E2763C /* NSString+Base64.m */ = {isa = PBXFileReference; fileEncoding = 4; lastKnownFileType = sourcecode.c.objc; path = "NSString+Base64.m"; sourceTree = "<group>"; };
		3EAB45BF1DAAA12A00B289FE /* CustomFloatingActionSheetController.swift */ = {isa = PBXFileReference; fileEncoding = 4; lastKnownFileType = sourcecode.swift; path = CustomFloatingActionSheetController.swift; sourceTree = "<group>"; };
		3EB56F481D89EDAA00BB9C4E /* Notifications.xib */ = {isa = PBXFileReference; fileEncoding = 4; lastKnownFileType = file.xib; path = Notifications.xib; sourceTree = "<group>"; };
		3EB56F4A1D89EDC200BB9C4E /* NotificationsViewController.swift */ = {isa = PBXFileReference; fileEncoding = 4; lastKnownFileType = sourcecode.swift; path = NotificationsViewController.swift; sourceTree = "<group>"; };
		3EB56F4C1D89F0A100BB9C4E /* NotificationCell.xib */ = {isa = PBXFileReference; fileEncoding = 4; lastKnownFileType = file.xib; path = NotificationCell.xib; sourceTree = "<group>"; };
		3EB56F4E1D89F0AE00BB9C4E /* NotificationCell.swift */ = {isa = PBXFileReference; fileEncoding = 4; lastKnownFileType = sourcecode.swift; path = NotificationCell.swift; sourceTree = "<group>"; };
		3EBFE4741D5271C900C05C5D /* Main.storyboard */ = {isa = PBXFileReference; fileEncoding = 4; lastKnownFileType = file.storyboard; path = Main.storyboard; sourceTree = "<group>"; };
		3EBFE47C1D5D1ABA00C05C5D /* AddFriendViewController.swift */ = {isa = PBXFileReference; fileEncoding = 4; lastKnownFileType = sourcecode.swift; path = AddFriendViewController.swift; sourceTree = "<group>"; };
		3EBFE47D1D5D1ABA00C05C5D /* AddFriend.xib */ = {isa = PBXFileReference; fileEncoding = 4; lastKnownFileType = file.xib; path = AddFriend.xib; sourceTree = "<group>"; };
		3ED992501DA6C5F400479B8F /* Skiy.entitlements */ = {isa = PBXFileReference; lastKnownFileType = text.plist.entitlements; path = Skiy.entitlements; sourceTree = "<group>"; };
		3EFEE0E21D60FAE6005DF703 /* FindFriendsCell.xib */ = {isa = PBXFileReference; fileEncoding = 4; lastKnownFileType = file.xib; path = FindFriendsCell.xib; sourceTree = "<group>"; };
		3EFEE0E41D612057005DF703 /* FindFriendsCell.swift */ = {isa = PBXFileReference; fileEncoding = 4; lastKnownFileType = sourcecode.swift; path = FindFriendsCell.swift; sourceTree = "<group>"; };
		3EFEE0E61D622176005DF703 /* SignInViewController.swift */ = {isa = PBXFileReference; fileEncoding = 4; lastKnownFileType = sourcecode.swift; path = SignInViewController.swift; sourceTree = "<group>"; };
		3EFEE0E81D622187005DF703 /* ControlPanelCell.xib */ = {isa = PBXFileReference; fileEncoding = 4; lastKnownFileType = file.xib; path = ControlPanelCell.xib; sourceTree = "<group>"; };
		3EFEE0EA1D624C7C005DF703 /* Colors.swift */ = {isa = PBXFileReference; fileEncoding = 4; lastKnownFileType = sourcecode.swift; path = Colors.swift; sourceTree = "<group>"; };
		3EFEE0ED1D62C5C9005DF703 /* SkiyData.xcdatamodel */ = {isa = PBXFileReference; lastKnownFileType = wrapper.xcdatamodel; path = SkiyData.xcdatamodel; sourceTree = "<group>"; };
		487F4CA4F2C842D6626C83E0 /* Pods-SkiyTests.release.xcconfig */ = {isa = PBXFileReference; includeInIndex = 1; lastKnownFileType = text.xcconfig; name = "Pods-SkiyTests.release.xcconfig"; path = "Pods/Target Support Files/Pods-SkiyTests/Pods-SkiyTests.release.xcconfig"; sourceTree = "<group>"; };
		754723E90102C998739EC71D /* Pods_SkiyUITests.framework */ = {isa = PBXFileReference; explicitFileType = wrapper.framework; includeInIndex = 0; path = Pods_SkiyUITests.framework; sourceTree = BUILT_PRODUCTS_DIR; };
		85F3B6F8E06226B06CDBAAA6 /* Pods_Skiy.framework */ = {isa = PBXFileReference; explicitFileType = wrapper.framework; includeInIndex = 0; path = Pods_Skiy.framework; sourceTree = BUILT_PRODUCTS_DIR; };
		99105FE94E095AFB66491CE4 /* Pods-SkiyUITests.debug.xcconfig */ = {isa = PBXFileReference; includeInIndex = 1; lastKnownFileType = text.xcconfig; name = "Pods-SkiyUITests.debug.xcconfig"; path = "Pods/Target Support Files/Pods-SkiyUITests/Pods-SkiyUITests.debug.xcconfig"; sourceTree = "<group>"; };
		E974C04FABE2C2DF85AD64F7 /* Pods-Skiy.debug.xcconfig */ = {isa = PBXFileReference; includeInIndex = 1; lastKnownFileType = text.xcconfig; name = "Pods-Skiy.debug.xcconfig"; path = "Pods/Target Support Files/Pods-Skiy/Pods-Skiy.debug.xcconfig"; sourceTree = "<group>"; };
		EE5B9B38BC2DC7E2722DEF5C /* Pods-SkiyTests.debug.xcconfig */ = {isa = PBXFileReference; includeInIndex = 1; lastKnownFileType = text.xcconfig; name = "Pods-SkiyTests.debug.xcconfig"; path = "Pods/Target Support Files/Pods-SkiyTests/Pods-SkiyTests.debug.xcconfig"; sourceTree = "<group>"; };
/* End PBXFileReference section */

/* Begin PBXFrameworksBuildPhase section */
		3E37EDDD1CB95DFC002167CB /* Frameworks */ = {
			isa = PBXFrameworksBuildPhase;
			buildActionMask = 2147483647;
			files = (
				3E37EE121CC283B7002167CB /* MapKit.framework in Frameworks */,
				9ECDCD2E5ABAB110B816FD27 /* Pods_Skiy.framework in Frameworks */,
			);
			runOnlyForDeploymentPostprocessing = 0;
		};
		3E37EDF11CB95DFC002167CB /* Frameworks */ = {
			isa = PBXFrameworksBuildPhase;
			buildActionMask = 2147483647;
			files = (
				9592B6665C41AB03723D9D8F /* Pods_SkiyTests.framework in Frameworks */,
			);
			runOnlyForDeploymentPostprocessing = 0;
		};
		3E37EDFC1CB95DFC002167CB /* Frameworks */ = {
			isa = PBXFrameworksBuildPhase;
			buildActionMask = 2147483647;
			files = (
				15286A0A1121CCF5ABA33EA0 /* Pods_SkiyUITests.framework in Frameworks */,
			);
			runOnlyForDeploymentPostprocessing = 0;
		};
/* End PBXFrameworksBuildPhase section */

/* Begin PBXGroup section */
		3E1127D11D7495AF005A26FE /* Fonts */ = {
			isa = PBXGroup;
			children = (
				3E1127DA1D74C336005A26FE /* Hero Light.otf */,
				3E1127DB1D74C336005A26FE /* Hero.otf */,
				3E1127D61D749AA4005A26FE /* Quicksand_Bold.otf */,
				3E1127D21D7495C6005A26FE /* Track Italic.otf */,
				3E1127D31D7495C6005A26FE /* Track.otf */,
			);
			name = Fonts;
			sourceTree = "<group>";
		};
		3E37EDD71CB95DFC002167CB = {
			isa = PBXGroup;
			children = (
				3E37EE111CC283B7002167CB /* MapKit.framework */,
				3E37EDE21CB95DFC002167CB /* Skiy */,
				3E37EDF71CB95DFC002167CB /* SkiyTests */,
				3E37EE021CB95DFC002167CB /* SkiyUITests */,
				3E37EDE11CB95DFC002167CB /* Products */,
				5928CB47D65133E6E991C4B0 /* Pods */,
				E49023D4F754135799699B54 /* Frameworks */,
			);
			sourceTree = "<group>";
		};
		3E37EDE11CB95DFC002167CB /* Products */ = {
			isa = PBXGroup;
			children = (
				3E37EDE01CB95DFC002167CB /* Skiy.app */,
				3E37EDF41CB95DFC002167CB /* SkiyTests.xctest */,
				3E37EDFF1CB95DFC002167CB /* SkiyUITests.xctest */,
			);
			name = Products;
			sourceTree = "<group>";
		};
		3E37EDE21CB95DFC002167CB /* Skiy */ = {
			isa = PBXGroup;
			children = (
				3ED992501DA6C5F400479B8F /* Skiy.entitlements */,
				3EFEE0EA1D624C7C005DF703 /* Colors.swift */,
				3E37EDE31CB95DFC002167CB /* AppDelegate.swift */,
				3E97F86D1D35B9400053B25D /* HTTPHelper.swift */,
				3E97F86F1D35BC4D0053B25D /* KeychainAccess.swift */,
				3E1127DE1D75E59D005A26FE /* CustomTextField.swift */,
				3E37EDE51CB95DFC002167CB /* ViewController.swift */,
				3E45FEE81CF0CF7700B9A8D4 /* ContainerViewController.swift */,
				3E45FEEA1CF0D40400B9A8D4 /* ControlPanelViewController.swift */,
				3EAB45BF1DAAA12A00B289FE /* CustomFloatingActionSheetController.swift */,
				3E45FEF01CF34CEF00B9A8D4 /* ControlPanel.xib */,
				3E56DF5E1DCCFB4800642A30 /* ControlPanelFriendCell.swift */,
				3E56DF5C1DCCFB2D00642A30 /* ControlPanelFriendCell.xib */,
				3E97F8251D2F318D0053B25D /* ControlPanelCell.swift */,
				3EFEE0E81D622187005DF703 /* ControlPanelCell.xib */,
				3EBFE47C1D5D1ABA00C05C5D /* AddFriendViewController.swift */,
				3EBFE47D1D5D1ABA00C05C5D /* AddFriend.xib */,
				3EFEE0E41D612057005DF703 /* FindFriendsCell.swift */,
				3EFEE0E21D60FAE6005DF703 /* FindFriendsCell.xib */,
				3EB56F4A1D89EDC200BB9C4E /* NotificationsViewController.swift */,
				3EB56F481D89EDAA00BB9C4E /* Notifications.xib */,
				3EB56F4E1D89F0AE00BB9C4E /* NotificationCell.swift */,
				3EB56F4C1D89F0A100BB9C4E /* NotificationCell.xib */,
				3EFEE0E61D622176005DF703 /* SignInViewController.swift */,
				3E97F8651D3032120053B25D /* SignInView.xib */,
				3E1127E01D7680EC005A26FE /* SignUpView.xib */,
				3EBFE4741D5271C900C05C5D /* Main.storyboard */,
				3E37EDEA1CB95DFC002167CB /* Assets.xcassets */,
				3E37EDEC1CB95DFC002167CB /* LaunchScreen.storyboard */,
				3EFEE0EC1D62C5C9005DF703 /* SkiyData.xcdatamodeld */,
				3E1127D11D7495AF005A26FE /* Fonts */,
				3E9D73581D3AF0F100E2763C /* Supporting Files */,
			);
			path = Skiy;
			sourceTree = "<group>";
		};
		3E37EDF71CB95DFC002167CB /* SkiyTests */ = {
			isa = PBXGroup;
			children = (
				3E37EDF81CB95DFC002167CB /* SkiyTests.swift */,
				3E37EDFA1CB95DFC002167CB /* Info.plist */,
			);
			path = SkiyTests;
			sourceTree = "<group>";
		};
		3E37EE021CB95DFC002167CB /* SkiyUITests */ = {
			isa = PBXGroup;
			children = (
				3E37EE031CB95DFC002167CB /* SkiyUITests.swift */,
				3E37EE051CB95DFC002167CB /* Info.plist */,
			);
			path = SkiyUITests;
			sourceTree = "<group>";
		};
		3E9D73581D3AF0F100E2763C /* Supporting Files */ = {
			isa = PBXGroup;
			children = (
				3E37EDEF1CB95DFC002167CB /* Info.plist */,
				3E45FEED1CF261E900B9A8D4 /* UIImage+ImageEffects.h */,
				3E45FEEE1CF261E900B9A8D4 /* UIImage+ImageEffects.m */,
				3E9D73591D3AF12100E2763C /* AESCrypt.h */,
				3E9D735A1D3AF12100E2763C /* AESCrypt.m */,
				3E9D735B1D3AF12100E2763C /* NSData+Base64.h */,
				3E9D735C1D3AF12100E2763C /* NSData+Base64.m */,
				3E9D735D1D3AF12100E2763C /* NSData+CommonCrypto.h */,
				3E9D735E1D3AF12100E2763C /* NSData+CommonCrypto.m */,
				3E9D735F1D3AF12100E2763C /* NSString+Base64.h */,
				3E9D73601D3AF12100E2763C /* NSString+Base64.m */,
				3E45FEEC1CF261E900B9A8D4 /* Skiy-Bridging-Header.h */,
			);
			name = "Supporting Files";
			sourceTree = "<group>";
		};
		5928CB47D65133E6E991C4B0 /* Pods */ = {
			isa = PBXGroup;
			children = (
				E974C04FABE2C2DF85AD64F7 /* Pods-Skiy.debug.xcconfig */,
				1C3860165F0F3F60E33CD753 /* Pods-Skiy.release.xcconfig */,
				EE5B9B38BC2DC7E2722DEF5C /* Pods-SkiyTests.debug.xcconfig */,
				487F4CA4F2C842D6626C83E0 /* Pods-SkiyTests.release.xcconfig */,
				99105FE94E095AFB66491CE4 /* Pods-SkiyUITests.debug.xcconfig */,
				041F5BF8447F7813649AE8ED /* Pods-SkiyUITests.release.xcconfig */,
			);
			name = Pods;
			sourceTree = "<group>";
		};
		E49023D4F754135799699B54 /* Frameworks */ = {
			isa = PBXGroup;
			children = (
				85F3B6F8E06226B06CDBAAA6 /* Pods_Skiy.framework */,
				0F2EB7B29591FD742C4A7D98 /* Pods_SkiyTests.framework */,
				754723E90102C998739EC71D /* Pods_SkiyUITests.framework */,
			);
			name = Frameworks;
			sourceTree = "<group>";
		};
/* End PBXGroup section */

/* Begin PBXNativeTarget section */
		3E37EDDF1CB95DFC002167CB /* Skiy */ = {
			isa = PBXNativeTarget;
			buildConfigurationList = 3E37EE081CB95DFC002167CB /* Build configuration list for PBXNativeTarget "Skiy" */;
			buildPhases = (
				B55C84FEE80749304509025B /* [CP] Check Pods Manifest.lock */,
				3E37EDDC1CB95DFC002167CB /* Sources */,
				3E37EDDD1CB95DFC002167CB /* Frameworks */,
				3E37EDDE1CB95DFC002167CB /* Resources */,
				BEB01917EE19AA39F160C52A /* [CP] Embed Pods Frameworks */,
				D1B5BAA76AB64F93B9BFC4E9 /* [CP] Copy Pods Resources */,
			);
			buildRules = (
			);
			dependencies = (
			);
			name = Skiy;
			productName = Skiy;
			productReference = 3E37EDE01CB95DFC002167CB /* Skiy.app */;
			productType = "com.apple.product-type.application";
		};
		3E37EDF31CB95DFC002167CB /* SkiyTests */ = {
			isa = PBXNativeTarget;
			buildConfigurationList = 3E37EE0B1CB95DFC002167CB /* Build configuration list for PBXNativeTarget "SkiyTests" */;
			buildPhases = (
				4236FE9143D112117A989D68 /* [CP] Check Pods Manifest.lock */,
				3E37EDF01CB95DFC002167CB /* Sources */,
				3E37EDF11CB95DFC002167CB /* Frameworks */,
				3E37EDF21CB95DFC002167CB /* Resources */,
				4BD1DEFD0C2B3333BE0618AB /* [CP] Embed Pods Frameworks */,
				178C60D4606F74B6916EB72A /* [CP] Copy Pods Resources */,
			);
			buildRules = (
			);
			dependencies = (
				3E37EDF61CB95DFC002167CB /* PBXTargetDependency */,
			);
			name = SkiyTests;
			productName = SkiyTests;
			productReference = 3E37EDF41CB95DFC002167CB /* SkiyTests.xctest */;
			productType = "com.apple.product-type.bundle.unit-test";
		};
		3E37EDFE1CB95DFC002167CB /* SkiyUITests */ = {
			isa = PBXNativeTarget;
			buildConfigurationList = 3E37EE0E1CB95DFC002167CB /* Build configuration list for PBXNativeTarget "SkiyUITests" */;
			buildPhases = (
				8ABE6BF37061841C765F5BE1 /* [CP] Check Pods Manifest.lock */,
				3E37EDFB1CB95DFC002167CB /* Sources */,
				3E37EDFC1CB95DFC002167CB /* Frameworks */,
				3E37EDFD1CB95DFC002167CB /* Resources */,
				3169E18B0C82CE7626835AD2 /* [CP] Copy Pods Resources */,
			);
			buildRules = (
			);
			dependencies = (
				3E37EE011CB95DFC002167CB /* PBXTargetDependency */,
			);
			name = SkiyUITests;
			productName = SkiyUITests;
			productReference = 3E37EDFF1CB95DFC002167CB /* SkiyUITests.xctest */;
			productType = "com.apple.product-type.bundle.ui-testing";
		};
/* End PBXNativeTarget section */

/* Begin PBXProject section */
		3E37EDD81CB95DFC002167CB /* Project object */ = {
			isa = PBXProject;
			attributes = {
				LastSwiftUpdateCheck = 0730;
				LastUpgradeCheck = 0810;
				ORGANIZATIONNAME = "Tristan Secord";
				TargetAttributes = {
					3E37EDDF1CB95DFC002167CB = {
						CreatedOnToolsVersion = 7.3;
						DevelopmentTeam = 53JNKRDHHA;
						LastSwiftMigration = 0800;
						SystemCapabilities = {
							com.apple.BackgroundModes = {
								enabled = 1;
							};
							com.apple.Push = {
								enabled = 1;
							};
						};
					};
					3E37EDF31CB95DFC002167CB = {
						CreatedOnToolsVersion = 7.3;
						DevelopmentTeam = 53JNKRDHHA;
						LastSwiftMigration = 0800;
						TestTargetID = 3E37EDDF1CB95DFC002167CB;
					};
					3E37EDFE1CB95DFC002167CB = {
						CreatedOnToolsVersion = 7.3;
						LastSwiftMigration = 0800;
						TestTargetID = 3E37EDDF1CB95DFC002167CB;
					};
				};
			};
			buildConfigurationList = 3E37EDDB1CB95DFC002167CB /* Build configuration list for PBXProject "Skiy" */;
			compatibilityVersion = "Xcode 3.2";
			developmentRegion = English;
			hasScannedForEncodings = 0;
			knownRegions = (
				en,
				Base,
			);
			mainGroup = 3E37EDD71CB95DFC002167CB;
			productRefGroup = 3E37EDE11CB95DFC002167CB /* Products */;
			projectDirPath = "";
			projectRoot = "";
			targets = (
				3E37EDDF1CB95DFC002167CB /* Skiy */,
				3E37EDF31CB95DFC002167CB /* SkiyTests */,
				3E37EDFE1CB95DFC002167CB /* SkiyUITests */,
			);
		};
/* End PBXProject section */

/* Begin PBXResourcesBuildPhase section */
		3E37EDDE1CB95DFC002167CB /* Resources */ = {
			isa = PBXResourcesBuildPhase;
			buildActionMask = 2147483647;
			files = (
				3EFEE0E31D60FAE6005DF703 /* FindFriendsCell.xib in Resources */,
				3E37EDEE1CB95DFC002167CB /* LaunchScreen.storyboard in Resources */,
				3E1127E11D7680EC005A26FE /* SignUpView.xib in Resources */,
				3EFEE0E91D622187005DF703 /* ControlPanelCell.xib in Resources */,
				3E1127DD1D74C336005A26FE /* Hero.otf in Resources */,
				3E1127DC1D74C336005A26FE /* Hero Light.otf in Resources */,
				3E37EDEB1CB95DFC002167CB /* Assets.xcassets in Resources */,
				3EBFE4751D5271C900C05C5D /* Main.storyboard in Resources */,
				3E1127D51D7495C6005A26FE /* Track.otf in Resources */,
				3E45FEF11CF34CEF00B9A8D4 /* ControlPanel.xib in Resources */,
				3E1127D41D7495C6005A26FE /* Track Italic.otf in Resources */,
				3E97F8661D3032120053B25D /* SignInView.xib in Resources */,
				3EB56F4D1D89F0A100BB9C4E /* NotificationCell.xib in Resources */,
				3EB56F491D89EDAA00BB9C4E /* Notifications.xib in Resources */,
				3E1127D81D749AA4005A26FE /* Quicksand_Bold.otf in Resources */,
				3E56DF5D1DCCFB2D00642A30 /* ControlPanelFriendCell.xib in Resources */,
				3EBFE47F1D5D1ABA00C05C5D /* AddFriend.xib in Resources */,
			);
			runOnlyForDeploymentPostprocessing = 0;
		};
		3E37EDF21CB95DFC002167CB /* Resources */ = {
			isa = PBXResourcesBuildPhase;
			buildActionMask = 2147483647;
			files = (
			);
			runOnlyForDeploymentPostprocessing = 0;
		};
		3E37EDFD1CB95DFC002167CB /* Resources */ = {
			isa = PBXResourcesBuildPhase;
			buildActionMask = 2147483647;
			files = (
			);
			runOnlyForDeploymentPostprocessing = 0;
		};
/* End PBXResourcesBuildPhase section */

/* Begin PBXShellScriptBuildPhase section */
		178C60D4606F74B6916EB72A /* [CP] Copy Pods Resources */ = {
			isa = PBXShellScriptBuildPhase;
			buildActionMask = 2147483647;
			files = (
			);
			inputPaths = (
			);
			name = "[CP] Copy Pods Resources";
			outputPaths = (
			);
			runOnlyForDeploymentPostprocessing = 0;
			shellPath = /bin/sh;
			shellScript = "\"${SRCROOT}/Pods/Target Support Files/Pods-SkiyTests/Pods-SkiyTests-resources.sh\"\n";
			showEnvVarsInLog = 0;
		};
		3169E18B0C82CE7626835AD2 /* [CP] Copy Pods Resources */ = {
			isa = PBXShellScriptBuildPhase;
			buildActionMask = 2147483647;
			files = (
			);
			inputPaths = (
			);
			name = "[CP] Copy Pods Resources";
			outputPaths = (
			);
			runOnlyForDeploymentPostprocessing = 0;
			shellPath = /bin/sh;
			shellScript = "\"${SRCROOT}/Pods/Target Support Files/Pods-SkiyUITests/Pods-SkiyUITests-resources.sh\"\n";
			showEnvVarsInLog = 0;
		};
		4236FE9143D112117A989D68 /* [CP] Check Pods Manifest.lock */ = {
			isa = PBXShellScriptBuildPhase;
			buildActionMask = 2147483647;
			files = (
			);
			inputPaths = (
			);
			name = "[CP] Check Pods Manifest.lock";
			outputPaths = (
			);
			runOnlyForDeploymentPostprocessing = 0;
			shellPath = /bin/sh;
			shellScript = "diff \"${PODS_ROOT}/../Podfile.lock\" \"${PODS_ROOT}/Manifest.lock\" > /dev/null\nif [[ $? != 0 ]] ; then\n    cat << EOM\nerror: The sandbox is not in sync with the Podfile.lock. Run 'pod install' or update your CocoaPods installation.\nEOM\n    exit 1\nfi\n";
			showEnvVarsInLog = 0;
		};
		4BD1DEFD0C2B3333BE0618AB /* [CP] Embed Pods Frameworks */ = {
			isa = PBXShellScriptBuildPhase;
			buildActionMask = 2147483647;
			files = (
			);
			inputPaths = (
			);
			name = "[CP] Embed Pods Frameworks";
			outputPaths = (
			);
			runOnlyForDeploymentPostprocessing = 0;
			shellPath = /bin/sh;
			shellScript = "\"${SRCROOT}/Pods/Target Support Files/Pods-SkiyTests/Pods-SkiyTests-frameworks.sh\"\n";
			showEnvVarsInLog = 0;
		};
		8ABE6BF37061841C765F5BE1 /* [CP] Check Pods Manifest.lock */ = {
			isa = PBXShellScriptBuildPhase;
			buildActionMask = 2147483647;
			files = (
			);
			inputPaths = (
			);
			name = "[CP] Check Pods Manifest.lock";
			outputPaths = (
			);
			runOnlyForDeploymentPostprocessing = 0;
			shellPath = /bin/sh;
			shellScript = "diff \"${PODS_ROOT}/../Podfile.lock\" \"${PODS_ROOT}/Manifest.lock\" > /dev/null\nif [[ $? != 0 ]] ; then\n    cat << EOM\nerror: The sandbox is not in sync with the Podfile.lock. Run 'pod install' or update your CocoaPods installation.\nEOM\n    exit 1\nfi\n";
			showEnvVarsInLog = 0;
		};
		B55C84FEE80749304509025B /* [CP] Check Pods Manifest.lock */ = {
			isa = PBXShellScriptBuildPhase;
			buildActionMask = 2147483647;
			files = (
			);
			inputPaths = (
			);
			name = "[CP] Check Pods Manifest.lock";
			outputPaths = (
			);
			runOnlyForDeploymentPostprocessing = 0;
			shellPath = /bin/sh;
			shellScript = "diff \"${PODS_ROOT}/../Podfile.lock\" \"${PODS_ROOT}/Manifest.lock\" > /dev/null\nif [[ $? != 0 ]] ; then\n    cat << EOM\nerror: The sandbox is not in sync with the Podfile.lock. Run 'pod install' or update your CocoaPods installation.\nEOM\n    exit 1\nfi\n";
			showEnvVarsInLog = 0;
		};
		BEB01917EE19AA39F160C52A /* [CP] Embed Pods Frameworks */ = {
			isa = PBXShellScriptBuildPhase;
			buildActionMask = 2147483647;
			files = (
			);
			inputPaths = (
			);
			name = "[CP] Embed Pods Frameworks";
			outputPaths = (
			);
			runOnlyForDeploymentPostprocessing = 0;
			shellPath = /bin/sh;
			shellScript = "\"${SRCROOT}/Pods/Target Support Files/Pods-Skiy/Pods-Skiy-frameworks.sh\"\n";
			showEnvVarsInLog = 0;
		};
		D1B5BAA76AB64F93B9BFC4E9 /* [CP] Copy Pods Resources */ = {
			isa = PBXShellScriptBuildPhase;
			buildActionMask = 2147483647;
			files = (
			);
			inputPaths = (
			);
			name = "[CP] Copy Pods Resources";
			outputPaths = (
			);
			runOnlyForDeploymentPostprocessing = 0;
			shellPath = /bin/sh;
			shellScript = "\"${SRCROOT}/Pods/Target Support Files/Pods-Skiy/Pods-Skiy-resources.sh\"\n";
			showEnvVarsInLog = 0;
		};
/* End PBXShellScriptBuildPhase section */

/* Begin PBXSourcesBuildPhase section */
		3E37EDDC1CB95DFC002167CB /* Sources */ = {
			isa = PBXSourcesBuildPhase;
			buildActionMask = 2147483647;
			files = (
				3EB56F4B1D89EDC200BB9C4E /* NotificationsViewController.swift in Sources */,
				3E97F8261D2F318D0053B25D /* ControlPanelCell.swift in Sources */,
				3E37EDE61CB95DFC002167CB /* ViewController.swift in Sources */,
				3EFEE0E51D612057005DF703 /* FindFriendsCell.swift in Sources */,
				3E1127DF1D75E59D005A26FE /* CustomTextField.swift in Sources */,
				3E9D73631D3AF12100E2763C /* NSData+CommonCrypto.m in Sources */,
				3E9D73611D3AF12100E2763C /* AESCrypt.m in Sources */,
				3E97F8701D35BC4D0053B25D /* KeychainAccess.swift in Sources */,
				3EB56F4F1D89F0AE00BB9C4E /* NotificationCell.swift in Sources */,
				3EFEE0EE1D62C5C9005DF703 /* SkiyData.xcdatamodeld in Sources */,
				3E9D73641D3AF12100E2763C /* NSString+Base64.m in Sources */,
				3EBFE47E1D5D1ABA00C05C5D /* AddFriendViewController.swift in Sources */,
				3E56DF5F1DCCFB4800642A30 /* ControlPanelFriendCell.swift in Sources */,
				3E9D73621D3AF12100E2763C /* NSData+Base64.m in Sources */,
				3EFEE0EB1D624C7C005DF703 /* Colors.swift in Sources */,
				3EFEE0E71D622176005DF703 /* SignInViewController.swift in Sources */,
				3E97F86E1D35B9400053B25D /* HTTPHelper.swift in Sources */,
				3EAB45C01DAAA12A00B289FE /* CustomFloatingActionSheetController.swift in Sources */,
				3E45FEEF1CF261E900B9A8D4 /* UIImage+ImageEffects.m in Sources */,
				3E45FEE91CF0CF7700B9A8D4 /* ContainerViewController.swift in Sources */,
				3E37EDE41CB95DFC002167CB /* AppDelegate.swift in Sources */,
				3E45FEEB1CF0D40400B9A8D4 /* ControlPanelViewController.swift in Sources */,
			);
			runOnlyForDeploymentPostprocessing = 0;
		};
		3E37EDF01CB95DFC002167CB /* Sources */ = {
			isa = PBXSourcesBuildPhase;
			buildActionMask = 2147483647;
			files = (
				3E37EDF91CB95DFC002167CB /* SkiyTests.swift in Sources */,
			);
			runOnlyForDeploymentPostprocessing = 0;
		};
		3E37EDFB1CB95DFC002167CB /* Sources */ = {
			isa = PBXSourcesBuildPhase;
			buildActionMask = 2147483647;
			files = (
				3E37EE041CB95DFC002167CB /* SkiyUITests.swift in Sources */,
			);
			runOnlyForDeploymentPostprocessing = 0;
		};
/* End PBXSourcesBuildPhase section */

/* Begin PBXTargetDependency section */
		3E37EDF61CB95DFC002167CB /* PBXTargetDependency */ = {
			isa = PBXTargetDependency;
			target = 3E37EDDF1CB95DFC002167CB /* Skiy */;
			targetProxy = 3E37EDF51CB95DFC002167CB /* PBXContainerItemProxy */;
		};
		3E37EE011CB95DFC002167CB /* PBXTargetDependency */ = {
			isa = PBXTargetDependency;
			target = 3E37EDDF1CB95DFC002167CB /* Skiy */;
			targetProxy = 3E37EE001CB95DFC002167CB /* PBXContainerItemProxy */;
		};
/* End PBXTargetDependency section */

/* Begin PBXVariantGroup section */
		3E37EDEC1CB95DFC002167CB /* LaunchScreen.storyboard */ = {
			isa = PBXVariantGroup;
			children = (
				3E37EDED1CB95DFC002167CB /* Base */,
			);
			name = LaunchScreen.storyboard;
			sourceTree = "<group>";
		};
/* End PBXVariantGroup section */

/* Begin XCBuildConfiguration section */
		3E37EE061CB95DFC002167CB /* Debug */ = {
			isa = XCBuildConfiguration;
			buildSettings = {
				ALWAYS_SEARCH_USER_PATHS = NO;
				CLANG_ANALYZER_NONNULL = YES;
				CLANG_CXX_LANGUAGE_STANDARD = "gnu++0x";
				CLANG_CXX_LIBRARY = "libc++";
				CLANG_ENABLE_MODULES = YES;
				CLANG_ENABLE_OBJC_ARC = YES;
				CLANG_WARN_BOOL_CONVERSION = YES;
				CLANG_WARN_CONSTANT_CONVERSION = YES;
				CLANG_WARN_DIRECT_OBJC_ISA_USAGE = YES_ERROR;
				CLANG_WARN_EMPTY_BODY = YES;
				CLANG_WARN_ENUM_CONVERSION = YES;
				CLANG_WARN_INFINITE_RECURSION = YES;
				CLANG_WARN_INT_CONVERSION = YES;
				CLANG_WARN_OBJC_ROOT_CLASS = YES_ERROR;
				CLANG_WARN_SUSPICIOUS_MOVE = YES;
				CLANG_WARN_UNREACHABLE_CODE = YES;
				CLANG_WARN__DUPLICATE_METHOD_MATCH = YES;
				CODE_SIGN_IDENTITY = "iPhone Developer: Tristan Secord (2F893777Z9)";
				"CODE_SIGN_IDENTITY[sdk=iphoneos*]" = "iPhone Developer: Tristan Secord (2F893777Z9)";
				COPY_PHASE_STRIP = NO;
				DEBUG_INFORMATION_FORMAT = dwarf;
				ENABLE_STRICT_OBJC_MSGSEND = YES;
				ENABLE_TESTABILITY = YES;
				GCC_C_LANGUAGE_STANDARD = gnu99;
				GCC_DYNAMIC_NO_PIC = NO;
				GCC_NO_COMMON_BLOCKS = YES;
				GCC_OPTIMIZATION_LEVEL = 0;
				GCC_PREPROCESSOR_DEFINITIONS = (
					"DEBUG=1",
					"$(inherited)",
				);
				GCC_WARN_64_TO_32_BIT_CONVERSION = YES;
				GCC_WARN_ABOUT_RETURN_TYPE = YES_ERROR;
				GCC_WARN_UNDECLARED_SELECTOR = YES;
				GCC_WARN_UNINITIALIZED_AUTOS = YES_AGGRESSIVE;
				GCC_WARN_UNUSED_FUNCTION = YES;
				GCC_WARN_UNUSED_VARIABLE = YES;
				IPHONEOS_DEPLOYMENT_TARGET = 9.3;
				MTL_ENABLE_DEBUG_INFO = YES;
				ONLY_ACTIVE_ARCH = YES;
				PROVISIONING_PROFILE = "b7306220-8186-4947-9a6a-ceeac596015b";
				SDKROOT = iphoneos;
				SWIFT_OPTIMIZATION_LEVEL = "-Onone";
				TARGETED_DEVICE_FAMILY = "1,2";
			};
			name = Debug;
		};
		3E37EE071CB95DFC002167CB /* Release */ = {
			isa = XCBuildConfiguration;
			buildSettings = {
				ALWAYS_SEARCH_USER_PATHS = NO;
				CLANG_ANALYZER_NONNULL = YES;
				CLANG_CXX_LANGUAGE_STANDARD = "gnu++0x";
				CLANG_CXX_LIBRARY = "libc++";
				CLANG_ENABLE_MODULES = YES;
				CLANG_ENABLE_OBJC_ARC = YES;
				CLANG_WARN_BOOL_CONVERSION = YES;
				CLANG_WARN_CONSTANT_CONVERSION = YES;
				CLANG_WARN_DIRECT_OBJC_ISA_USAGE = YES_ERROR;
				CLANG_WARN_EMPTY_BODY = YES;
				CLANG_WARN_ENUM_CONVERSION = YES;
				CLANG_WARN_INFINITE_RECURSION = YES;
				CLANG_WARN_INT_CONVERSION = YES;
				CLANG_WARN_OBJC_ROOT_CLASS = YES_ERROR;
				CLANG_WARN_SUSPICIOUS_MOVE = YES;
				CLANG_WARN_UNREACHABLE_CODE = YES;
				CLANG_WARN__DUPLICATE_METHOD_MATCH = YES;
				"CODE_SIGN_IDENTITY[sdk=iphoneos*]" = "iPhone Developer";
				COPY_PHASE_STRIP = NO;
				DEBUG_INFORMATION_FORMAT = "dwarf-with-dsym";
				ENABLE_NS_ASSERTIONS = NO;
				ENABLE_STRICT_OBJC_MSGSEND = YES;
				GCC_C_LANGUAGE_STANDARD = gnu99;
				GCC_NO_COMMON_BLOCKS = YES;
				GCC_WARN_64_TO_32_BIT_CONVERSION = YES;
				GCC_WARN_ABOUT_RETURN_TYPE = YES_ERROR;
				GCC_WARN_UNDECLARED_SELECTOR = YES;
				GCC_WARN_UNINITIALIZED_AUTOS = YES_AGGRESSIVE;
				GCC_WARN_UNUSED_FUNCTION = YES;
				GCC_WARN_UNUSED_VARIABLE = YES;
				IPHONEOS_DEPLOYMENT_TARGET = 9.3;
				MTL_ENABLE_DEBUG_INFO = NO;
				PROVISIONING_PROFILE = "b7306220-8186-4947-9a6a-ceeac596015b";
				SDKROOT = iphoneos;
				SWIFT_OPTIMIZATION_LEVEL = "-Owholemodule";
				TARGETED_DEVICE_FAMILY = "1,2";
				VALIDATE_PRODUCT = YES;
			};
			name = Release;
		};
		3E37EE091CB95DFC002167CB /* Debug */ = {
			isa = XCBuildConfiguration;
			baseConfigurationReference = E974C04FABE2C2DF85AD64F7 /* Pods-Skiy.debug.xcconfig */;
			buildSettings = {
				ALWAYS_EMBED_SWIFT_STANDARD_LIBRARIES = YES;
				ASSETCATALOG_COMPILER_APPICON_NAME = AppIcon;
				CLANG_ENABLE_MODULES = YES;
				CODE_SIGN_ENTITLEMENTS = Skiy/Skiy.entitlements;
				CODE_SIGN_IDENTITY = "iPhone Developer";
				"CODE_SIGN_IDENTITY[sdk=iphoneos*]" = "iPhone Developer";
				INFOPLIST_FILE = Skiy/Info.plist;
				LD_RUNPATH_SEARCH_PATHS = "$(inherited) @executable_path/Frameworks";
				PRODUCT_BUNDLE_IDENTIFIER = com.tsecord.skiy;
				PRODUCT_NAME = "$(TARGET_NAME)";
				PROVISIONING_PROFILE = "b7306220-8186-4947-9a6a-ceeac596015b";
				SWIFT_OBJC_BRIDGING_HEADER = "Skiy/Skiy-Bridging-Header.h";
				SWIFT_OPTIMIZATION_LEVEL = "-Onone";
				SWIFT_VERSION = 3.0;
				TARGETED_DEVICE_FAMILY = 1;
			};
			name = Debug;
		};
		3E37EE0A1CB95DFC002167CB /* Release */ = {
			isa = XCBuildConfiguration;
			baseConfigurationReference = 1C3860165F0F3F60E33CD753 /* Pods-Skiy.release.xcconfig */;
			buildSettings = {
				ALWAYS_EMBED_SWIFT_STANDARD_LIBRARIES = YES;
				ASSETCATALOG_COMPILER_APPICON_NAME = AppIcon;
				CLANG_ENABLE_MODULES = YES;
				CODE_SIGN_ENTITLEMENTS = Skiy/Skiy.entitlements;
				CODE_SIGN_IDENTITY = "iPhone Developer";
				"CODE_SIGN_IDENTITY[sdk=iphoneos*]" = "iPhone Developer";
				INFOPLIST_FILE = Skiy/Info.plist;
				LD_RUNPATH_SEARCH_PATHS = "$(inherited) @executable_path/Frameworks";
				PRODUCT_BUNDLE_IDENTIFIER = com.tsecord.skiy;
				PRODUCT_NAME = "$(TARGET_NAME)";
				PROVISIONING_PROFILE = "b7306220-8186-4947-9a6a-ceeac596015b";
				SWIFT_OBJC_BRIDGING_HEADER = "Skiy/Skiy-Bridging-Header.h";
				SWIFT_VERSION = 3.0;
				TARGETED_DEVICE_FAMILY = 1;
			};
			name = Release;
		};
		3E37EE0C1CB95DFC002167CB /* Debug */ = {
			isa = XCBuildConfiguration;
			baseConfigurationReference = EE5B9B38BC2DC7E2722DEF5C /* Pods-SkiyTests.debug.xcconfig */;
			buildSettings = {
				BUNDLE_LOADER = "$(TEST_HOST)";
				"CODE_SIGN_IDENTITY[sdk=iphoneos*]" = "iPhone Developer";
				DEVELOPMENT_TEAM = 53JNKRDHHA;
				INFOPLIST_FILE = SkiyTests/Info.plist;
				LD_RUNPATH_SEARCH_PATHS = "$(inherited) @executable_path/Frameworks @loader_path/Frameworks";
				PRODUCT_BUNDLE_IDENTIFIER = com.tsecord.SkiyTests;
				PRODUCT_NAME = "$(TARGET_NAME)";
				PROVISIONING_PROFILE = "";
				SWIFT_VERSION = 3.0;
				TEST_HOST = "$(BUILT_PRODUCTS_DIR)/Skiy.app/Skiy";
			};
			name = Debug;
		};
		3E37EE0D1CB95DFC002167CB /* Release */ = {
			isa = XCBuildConfiguration;
			baseConfigurationReference = 487F4CA4F2C842D6626C83E0 /* Pods-SkiyTests.release.xcconfig */;
			buildSettings = {
				BUNDLE_LOADER = "$(TEST_HOST)";
				INFOPLIST_FILE = SkiyTests/Info.plist;
				LD_RUNPATH_SEARCH_PATHS = "$(inherited) @executable_path/Frameworks @loader_path/Frameworks";
				PRODUCT_BUNDLE_IDENTIFIER = com.tsecord.SkiyTests;
				PRODUCT_NAME = "$(TARGET_NAME)";
				PROVISIONING_PROFILE = "";
				SWIFT_VERSION = 3.0;
				TEST_HOST = "$(BUILT_PRODUCTS_DIR)/Skiy.app/Skiy";
			};
			name = Release;
		};
		3E37EE0F1CB95DFC002167CB /* Debug */ = {
			isa = XCBuildConfiguration;
			baseConfigurationReference = 99105FE94E095AFB66491CE4 /* Pods-SkiyUITests.debug.xcconfig */;
			buildSettings = {
				INFOPLIST_FILE = SkiyUITests/Info.plist;
				LD_RUNPATH_SEARCH_PATHS = "$(inherited) @executable_path/Frameworks @loader_path/Frameworks";
				PRODUCT_BUNDLE_IDENTIFIER = com.tsecord.SkiyUITests;
				PRODUCT_NAME = "$(TARGET_NAME)";
				PROVISIONING_PROFILE = "";
				SWIFT_VERSION = 3.0;
				TEST_TARGET_NAME = Skiy;
			};
			name = Debug;
		};
		3E37EE101CB95DFC002167CB /* Release */ = {
			isa = XCBuildConfiguration;
			baseConfigurationReference = 041F5BF8447F7813649AE8ED /* Pods-SkiyUITests.release.xcconfig */;
			buildSettings = {
				INFOPLIST_FILE = SkiyUITests/Info.plist;
				LD_RUNPATH_SEARCH_PATHS = "$(inherited) @executable_path/Frameworks @loader_path/Frameworks";
				PRODUCT_BUNDLE_IDENTIFIER = com.tsecord.SkiyUITests;
				PRODUCT_NAME = "$(TARGET_NAME)";
				PROVISIONING_PROFILE = "";
				SWIFT_VERSION = 3.0;
				TEST_TARGET_NAME = Skiy;
			};
			name = Release;
		};
/* End XCBuildConfiguration section */

/* Begin XCConfigurationList section */
		3E37EDDB1CB95DFC002167CB /* Build configuration list for PBXProject "Skiy" */ = {
			isa = XCConfigurationList;
			buildConfigurations = (
				3E37EE061CB95DFC002167CB /* Debug */,
				3E37EE071CB95DFC002167CB /* Release */,
			);
			defaultConfigurationIsVisible = 0;
			defaultConfigurationName = Release;
		};
		3E37EE081CB95DFC002167CB /* Build configuration list for PBXNativeTarget "Skiy" */ = {
			isa = XCConfigurationList;
			buildConfigurations = (
				3E37EE091CB95DFC002167CB /* Debug */,
				3E37EE0A1CB95DFC002167CB /* Release */,
			);
			defaultConfigurationIsVisible = 0;
			defaultConfigurationName = Release;
		};
		3E37EE0B1CB95DFC002167CB /* Build configuration list for PBXNativeTarget "SkiyTests" */ = {
			isa = XCConfigurationList;
			buildConfigurations = (
				3E37EE0C1CB95DFC002167CB /* Debug */,
				3E37EE0D1CB95DFC002167CB /* Release */,
			);
			defaultConfigurationIsVisible = 0;
			defaultConfigurationName = Release;
		};
		3E37EE0E1CB95DFC002167CB /* Build configuration list for PBXNativeTarget "SkiyUITests" */ = {
			isa = XCConfigurationList;
			buildConfigurations = (
				3E37EE0F1CB95DFC002167CB /* Debug */,
				3E37EE101CB95DFC002167CB /* Release */,
			);
			defaultConfigurationIsVisible = 0;
			defaultConfigurationName = Release;
		};
/* End XCConfigurationList section */

/* Begin XCVersionGroup section */
		3EFEE0EC1D62C5C9005DF703 /* SkiyData.xcdatamodeld */ = {
			isa = XCVersionGroup;
			children = (
				3EFEE0ED1D62C5C9005DF703 /* SkiyData.xcdatamodel */,
			);
			currentVersion = 3EFEE0ED1D62C5C9005DF703 /* SkiyData.xcdatamodel */;
			path = SkiyData.xcdatamodeld;
			sourceTree = "<group>";
			versionGroupType = wrapper.xcdatamodel;
		};
/* End XCVersionGroup section */
	};
	rootObject = 3E37EDD81CB95DFC002167CB /* Project object */;
}
